{
  "name": "cactbot-eslint-rules",
  "lockfileVersion": 3,
  "requires": true,
  "packages": {
    "": {
      "name": "cactbot-eslint-rules",
      "license": "Apache-2.0",
      "dependencies": {
        "cactbot-eslint-rules": "file:"
      }
    },
    "node_modules/cactbot-eslint-rules": {
      "resolved": "",
      "link": true
    }
  }
}
